// !$*UTF8*$!
{
	archiveVersion = 1;
	classes = {
	};
	objectVersion = 56;
	objects = {

/* Begin PBXBuildFile section */
		D24DF9BF2A9619370066C5B3 /* WebSocket.swift in Sources */ = {isa = PBXBuildFile; fileRef = D24DF9BE2A9619370066C5B3 /* WebSocket.swift */; };
		D2629A472ABAF3AF0006CEF5 /* NetworkService.swift in Sources */ = {isa = PBXBuildFile; fileRef = D2629A462ABAF3AF0006CEF5 /* NetworkService.swift */; };
		D2629A4A2ABAF5220006CEF5 /* DefaultNetworkRepository.swift in Sources */ = {isa = PBXBuildFile; fileRef = D2629A492ABAF5220006CEF5 /* DefaultNetworkRepository.swift */; };
		D2629A4D2ABB15F50006CEF5 /* FriendListViewModel.swift in Sources */ = {isa = PBXBuildFile; fileRef = D2629A4C2ABB15F50006CEF5 /* FriendListViewModel.swift */; };
		D2639B152BA1C12B00110F60 /* Dictionary+Extension.swift in Sources */ = {isa = PBXBuildFile; fileRef = D2639B142BA1C12A00110F60 /* Dictionary+Extension.swift */; };
		D2639B172BA1C24A00110F60 /* ChatType.swift in Sources */ = {isa = PBXBuildFile; fileRef = D2639B162BA1C24A00110F60 /* ChatType.swift */; };
		D2639B192BA1C27700110F60 /* ErrorType.swift in Sources */ = {isa = PBXBuildFile; fileRef = D2639B182BA1C27700110F60 /* ErrorType.swift */; };
		D2639B1B2BA1C27F00110F60 /* Model.swift in Sources */ = {isa = PBXBuildFile; fileRef = D2639B1A2BA1C27E00110F60 /* Model.swift */; };
		D2639B232BA1C28A00110F60 /* APIRequester.swift in Sources */ = {isa = PBXBuildFile; fileRef = D2639B1D2BA1C28A00110F60 /* APIRequester.swift */; };
		D2639B242BA1C28A00110F60 /* API.RequsetModel.SendChat.swift in Sources */ = {isa = PBXBuildFile; fileRef = D2639B1F2BA1C28A00110F60 /* API.RequsetModel.SendChat.swift */; };
		D2639B252BA1C28A00110F60 /* API.ResponseModel.ResponseChat.swift in Sources */ = {isa = PBXBuildFile; fileRef = D2639B212BA1C28A00110F60 /* API.ResponseModel.ResponseChat.swift */; };
		D2639B262BA1C28A00110F60 /* API.swift in Sources */ = {isa = PBXBuildFile; fileRef = D2639B222BA1C28A00110F60 /* API.swift */; };
		D2639B2D2BA1C29800110F60 /* Model.ServiceModel.Chat.swift in Sources */ = {isa = PBXBuildFile; fileRef = D2639B282BA1C29800110F60 /* Model.ServiceModel.Chat.swift */; };
		D2639B2E2BA1C29800110F60 /* Model.ServiceModel.Sender.swift in Sources */ = {isa = PBXBuildFile; fileRef = D2639B292BA1C29800110F60 /* Model.ServiceModel.Sender.swift */; };
		D2639B2F2BA1C29800110F60 /* Model.ServiceModel.Group.swift in Sources */ = {isa = PBXBuildFile; fileRef = D2639B2A2BA1C29800110F60 /* Model.ServiceModel.Group.swift */; };
		D2639B302BA1C29800110F60 /* Model.ServiceModel.User.swift in Sources */ = {isa = PBXBuildFile; fileRef = D2639B2B2BA1C29800110F60 /* Model.ServiceModel.User.swift */; };
		D2639B312BA1C29800110F60 /* Model.ServiceModel.ChatRoom.swift in Sources */ = {isa = PBXBuildFile; fileRef = D2639B2C2BA1C29800110F60 /* Model.ServiceModel.ChatRoom.swift */; };
		D263D7A62AA890ED00BBF8C1 /* APNS in Frameworks */ = {isa = PBXBuildFile; productRef = D263D7A52AA890ED00BBF8C1 /* APNS */; };
		D263D7A82AA890ED00BBF8C1 /* APNSCore in Frameworks */ = {isa = PBXBuildFile; productRef = D263D7A72AA890ED00BBF8C1 /* APNSCore */; };
		D294A2992ACD7DAD00EADFC0 /* FriendCollectionViewCell.swift in Sources */ = {isa = PBXBuildFile; fileRef = D294A2982ACD7DAD00EADFC0 /* FriendCollectionViewCell.swift */; };
		D2AAF7672A78F40B006AD936 /* AppDelegate.swift in Sources */ = {isa = PBXBuildFile; fileRef = D2AAF7662A78F40B006AD936 /* AppDelegate.swift */; };
		D2AAF7692A78F40B006AD936 /* SceneDelegate.swift in Sources */ = {isa = PBXBuildFile; fileRef = D2AAF7682A78F40B006AD936 /* SceneDelegate.swift */; };
		D2AAF76B2A78F40B006AD936 /* FriendListViewController.swift in Sources */ = {isa = PBXBuildFile; fileRef = D2AAF76A2A78F40B006AD936 /* FriendListViewController.swift */; };
		D2AAF7702A78F40E006AD936 /* Assets.xcassets in Resources */ = {isa = PBXBuildFile; fileRef = D2AAF76F2A78F40E006AD936 /* Assets.xcassets */; };
		D2AAF7732A78F40E006AD936 /* LaunchScreen.storyboard in Resources */ = {isa = PBXBuildFile; fileRef = D2AAF7712A78F40E006AD936 /* LaunchScreen.storyboard */; };
		D2B40A2F2A83AFCD0076B5E1 /* ChatViewController.swift in Sources */ = {isa = PBXBuildFile; fileRef = D2B40A2E2A83AFCD0076B5E1 /* ChatViewController.swift */; };
		D2B40A382A83B8A10076B5E1 /* Moya in Frameworks */ = {isa = PBXBuildFile; productRef = D2B40A372A83B8A10076B5E1 /* Moya */; };
		D2B40A3A2A83B8C70076B5E1 /* DefaultAPI.swift in Sources */ = {isa = PBXBuildFile; fileRef = D2B40A392A83B8C70076B5E1 /* DefaultAPI.swift */; };
		D2B40A3C2A83BB8F0076B5E1 /* PostRequestModel.swift in Sources */ = {isa = PBXBuildFile; fileRef = D2B40A3B2A83BB8F0076B5E1 /* PostRequestModel.swift */; };
		D2B40A3E2A83BC9F0076B5E1 /* Encodable+toDictionary.swift in Sources */ = {isa = PBXBuildFile; fileRef = D2B40A3D2A83BC9F0076B5E1 /* Encodable+toDictionary.swift */; };
		D2E4C8752AF278F9005AEE42 /* DefaultNetworkUsecase.swift in Sources */ = {isa = PBXBuildFile; fileRef = D2E4C8742AF278F9005AEE42 /* DefaultNetworkUsecase.swift */; };
		D2E4C8782AF27D64005AEE42 /* User.swift in Sources */ = {isa = PBXBuildFile; fileRef = D2E4C8772AF27D64005AEE42 /* User.swift */; };
		D2E4C87A2AF27D7E005AEE42 /* Group.swift in Sources */ = {isa = PBXBuildFile; fileRef = D2E4C8792AF27D7E005AEE42 /* Group.swift */; };
		D2FFEF8A2A8CE51C00B41DBC /* Alamofire in Frameworks */ = {isa = PBXBuildFile; productRef = D2FFEF892A8CE51C00B41DBC /* Alamofire */; };
/* End PBXBuildFile section */

/* Begin PBXFileReference section */
		D24DF9BE2A9619370066C5B3 /* WebSocket.swift */ = {isa = PBXFileReference; lastKnownFileType = sourcecode.swift; path = WebSocket.swift; sourceTree = "<group>"; };
		D24DF9C02A9628E70066C5B3 /* ChatStudyApp.entitlements */ = {isa = PBXFileReference; lastKnownFileType = text.plist.entitlements; path = ChatStudyApp.entitlements; sourceTree = "<group>"; };
		D2629A462ABAF3AF0006CEF5 /* NetworkService.swift */ = {isa = PBXFileReference; lastKnownFileType = sourcecode.swift; path = NetworkService.swift; sourceTree = "<group>"; };
		D2629A492ABAF5220006CEF5 /* DefaultNetworkRepository.swift */ = {isa = PBXFileReference; lastKnownFileType = sourcecode.swift; path = DefaultNetworkRepository.swift; sourceTree = "<group>"; };
		D2629A4C2ABB15F50006CEF5 /* FriendListViewModel.swift */ = {isa = PBXFileReference; lastKnownFileType = sourcecode.swift; path = FriendListViewModel.swift; sourceTree = "<group>"; };
		D2639B142BA1C12A00110F60 /* Dictionary+Extension.swift */ = {isa = PBXFileReference; fileEncoding = 4; lastKnownFileType = sourcecode.swift; path = "Dictionary+Extension.swift"; sourceTree = "<group>"; };
		D2639B162BA1C24A00110F60 /* ChatType.swift */ = {isa = PBXFileReference; fileEncoding = 4; lastKnownFileType = sourcecode.swift; path = ChatType.swift; sourceTree = "<group>"; };
		D2639B182BA1C27700110F60 /* ErrorType.swift */ = {isa = PBXFileReference; fileEncoding = 4; lastKnownFileType = sourcecode.swift; path = ErrorType.swift; sourceTree = "<group>"; };
		D2639B1A2BA1C27E00110F60 /* Model.swift */ = {isa = PBXFileReference; fileEncoding = 4; lastKnownFileType = sourcecode.swift; path = Model.swift; sourceTree = "<group>"; };
		D2639B1D2BA1C28A00110F60 /* APIRequester.swift */ = {isa = PBXFileReference; fileEncoding = 4; lastKnownFileType = sourcecode.swift; path = APIRequester.swift; sourceTree = "<group>"; };
		D2639B1F2BA1C28A00110F60 /* API.RequsetModel.SendChat.swift */ = {isa = PBXFileReference; fileEncoding = 4; lastKnownFileType = sourcecode.swift; path = API.RequsetModel.SendChat.swift; sourceTree = "<group>"; };
		D2639B212BA1C28A00110F60 /* API.ResponseModel.ResponseChat.swift */ = {isa = PBXFileReference; fileEncoding = 4; lastKnownFileType = sourcecode.swift; path = API.ResponseModel.ResponseChat.swift; sourceTree = "<group>"; };
		D2639B222BA1C28A00110F60 /* API.swift */ = {isa = PBXFileReference; fileEncoding = 4; lastKnownFileType = sourcecode.swift; path = API.swift; sourceTree = "<group>"; };
		D2639B282BA1C29800110F60 /* Model.ServiceModel.Chat.swift */ = {isa = PBXFileReference; fileEncoding = 4; lastKnownFileType = sourcecode.swift; path = Model.ServiceModel.Chat.swift; sourceTree = "<group>"; };
		D2639B292BA1C29800110F60 /* Model.ServiceModel.Sender.swift */ = {isa = PBXFileReference; fileEncoding = 4; lastKnownFileType = sourcecode.swift; path = Model.ServiceModel.Sender.swift; sourceTree = "<group>"; };
		D2639B2A2BA1C29800110F60 /* Model.ServiceModel.Group.swift */ = {isa = PBXFileReference; fileEncoding = 4; lastKnownFileType = sourcecode.swift; path = Model.ServiceModel.Group.swift; sourceTree = "<group>"; };
		D2639B2B2BA1C29800110F60 /* Model.ServiceModel.User.swift */ = {isa = PBXFileReference; fileEncoding = 4; lastKnownFileType = sourcecode.swift; path = Model.ServiceModel.User.swift; sourceTree = "<group>"; };
		D2639B2C2BA1C29800110F60 /* Model.ServiceModel.ChatRoom.swift */ = {isa = PBXFileReference; fileEncoding = 4; lastKnownFileType = sourcecode.swift; path = Model.ServiceModel.ChatRoom.swift; sourceTree = "<group>"; };
		D294A2982ACD7DAD00EADFC0 /* FriendCollectionViewCell.swift */ = {isa = PBXFileReference; lastKnownFileType = sourcecode.swift; path = FriendCollectionViewCell.swift; sourceTree = "<group>"; };
		D2AAF7632A78F40B006AD936 /* ChatStudyApp.app */ = {isa = PBXFileReference; explicitFileType = wrapper.application; includeInIndex = 0; path = ChatStudyApp.app; sourceTree = BUILT_PRODUCTS_DIR; };
		D2AAF7662A78F40B006AD936 /* AppDelegate.swift */ = {isa = PBXFileReference; lastKnownFileType = sourcecode.swift; path = AppDelegate.swift; sourceTree = "<group>"; };
		D2AAF7682A78F40B006AD936 /* SceneDelegate.swift */ = {isa = PBXFileReference; lastKnownFileType = sourcecode.swift; path = SceneDelegate.swift; sourceTree = "<group>"; };
		D2AAF76A2A78F40B006AD936 /* FriendListViewController.swift */ = {isa = PBXFileReference; lastKnownFileType = sourcecode.swift; path = FriendListViewController.swift; sourceTree = "<group>"; };
		D2AAF76F2A78F40E006AD936 /* Assets.xcassets */ = {isa = PBXFileReference; lastKnownFileType = folder.assetcatalog; path = Assets.xcassets; sourceTree = "<group>"; };
		D2AAF7722A78F40E006AD936 /* Base */ = {isa = PBXFileReference; lastKnownFileType = file.storyboard; name = Base; path = Base.lproj/LaunchScreen.storyboard; sourceTree = "<group>"; };
		D2AAF7742A78F40E006AD936 /* Info.plist */ = {isa = PBXFileReference; lastKnownFileType = text.plist.xml; path = Info.plist; sourceTree = "<group>"; };
		D2B40A2E2A83AFCD0076B5E1 /* ChatViewController.swift */ = {isa = PBXFileReference; lastKnownFileType = sourcecode.swift; path = ChatViewController.swift; sourceTree = "<group>"; };
		D2B40A392A83B8C70076B5E1 /* DefaultAPI.swift */ = {isa = PBXFileReference; lastKnownFileType = sourcecode.swift; path = DefaultAPI.swift; sourceTree = "<group>"; };
		D2B40A3B2A83BB8F0076B5E1 /* PostRequestModel.swift */ = {isa = PBXFileReference; lastKnownFileType = sourcecode.swift; path = PostRequestModel.swift; sourceTree = "<group>"; };
		D2B40A3D2A83BC9F0076B5E1 /* Encodable+toDictionary.swift */ = {isa = PBXFileReference; lastKnownFileType = sourcecode.swift; path = "Encodable+toDictionary.swift"; sourceTree = "<group>"; };
		D2E4C8742AF278F9005AEE42 /* DefaultNetworkUsecase.swift */ = {isa = PBXFileReference; lastKnownFileType = sourcecode.swift; path = DefaultNetworkUsecase.swift; sourceTree = "<group>"; };
		D2E4C8772AF27D64005AEE42 /* User.swift */ = {isa = PBXFileReference; lastKnownFileType = sourcecode.swift; path = User.swift; sourceTree = "<group>"; };
		D2E4C8792AF27D7E005AEE42 /* Group.swift */ = {isa = PBXFileReference; lastKnownFileType = sourcecode.swift; path = Group.swift; sourceTree = "<group>"; };
/* End PBXFileReference section */

/* Begin PBXFrameworksBuildPhase section */
		D2AAF7602A78F40B006AD936 /* Frameworks */ = {
			isa = PBXFrameworksBuildPhase;
			buildActionMask = 2147483647;
			files = (
				D2B40A382A83B8A10076B5E1 /* Moya in Frameworks */,
				D263D7A62AA890ED00BBF8C1 /* APNS in Frameworks */,
				D2FFEF8A2A8CE51C00B41DBC /* Alamofire in Frameworks */,
				D263D7A82AA890ED00BBF8C1 /* APNSCore in Frameworks */,
			);
			runOnlyForDeploymentPostprocessing = 0;
		};
/* End PBXFrameworksBuildPhase section */

/* Begin PBXGroup section */
		D2629A3A2ABAF1F70006CEF5 /* Data */ = {
			isa = PBXGroup;
			children = (
				D2629A432ABAF2E90006CEF5 /* Network */,
			);
			path = Data;
			sourceTree = "<group>";
		};
		D2629A3B2ABAF20A0006CEF5 /* Domain */ = {
			isa = PBXGroup;
			children = (
				D2E4C8762AF27D57005AEE42 /* Entity */,
				D2E4C8732AF27826005AEE42 /* Usecase */,
			);
			path = Domain;
			sourceTree = "<group>";
		};
		D2629A3C2ABAF2130006CEF5 /* Presentation */ = {
			isa = PBXGroup;
			children = (
				D2629A3D2ABAF25A0006CEF5 /* FriendList */,
				D2629A3E2ABAF27B0006CEF5 /* ChatView */,
			);
			path = Presentation;
			sourceTree = "<group>";
		};
		D2629A3D2ABAF25A0006CEF5 /* FriendList */ = {
			isa = PBXGroup;
			children = (
				D2629A402ABAF2B60006CEF5 /* View */,
				D2629A4B2ABB15DC0006CEF5 /* ViewModel */,
			);
			path = FriendList;
			sourceTree = "<group>";
		};
		D2629A3E2ABAF27B0006CEF5 /* ChatView */ = {
			isa = PBXGroup;
			children = (
				D2629A3F2ABAF29D0006CEF5 /* View */,
			);
			path = ChatView;
			sourceTree = "<group>";
		};
		D2629A3F2ABAF29D0006CEF5 /* View */ = {
			isa = PBXGroup;
			children = (
				D2B40A2E2A83AFCD0076B5E1 /* ChatViewController.swift */,
			);
			path = View;
			sourceTree = "<group>";
		};
		D2629A402ABAF2B60006CEF5 /* View */ = {
			isa = PBXGroup;
			children = (
				D294A2972ACD7D8400EADFC0 /* Cell */,
				D2AAF76A2A78F40B006AD936 /* FriendListViewController.swift */,
			);
			path = View;
			sourceTree = "<group>";
		};
		D2629A412ABAF2D30006CEF5 /* Common */ = {
			isa = PBXGroup;
			children = (
				D2629A422ABAF2DD0006CEF5 /* Extension */,
			);
			path = Common;
			sourceTree = "<group>";
		};
		D2629A422ABAF2DD0006CEF5 /* Extension */ = {
			isa = PBXGroup;
			children = (
				D2639B142BA1C12A00110F60 /* Dictionary+Extension.swift */,
				D2B40A3D2A83BC9F0076B5E1 /* Encodable+toDictionary.swift */,
			);
			path = Extension;
			sourceTree = "<group>";
		};
		D2629A432ABAF2E90006CEF5 /* Network */ = {
			isa = PBXGroup;
			children = (
				D2629A482ABAF5050006CEF5 /* Repository */,
				D2629A442ABAF2FA0006CEF5 /* RequestModel */,
				D2629A462ABAF3AF0006CEF5 /* NetworkService.swift */,
			);
			path = Network;
			sourceTree = "<group>";
		};
		D2629A442ABAF2FA0006CEF5 /* RequestModel */ = {
			isa = PBXGroup;
			children = (
				D2B40A3B2A83BB8F0076B5E1 /* PostRequestModel.swift */,
			);
			path = RequestModel;
			sourceTree = "<group>";
		};
		D2629A482ABAF5050006CEF5 /* Repository */ = {
			isa = PBXGroup;
			children = (
				D2629A492ABAF5220006CEF5 /* DefaultNetworkRepository.swift */,
			);
			path = Repository;
			sourceTree = "<group>";
		};
		D2629A4B2ABB15DC0006CEF5 /* ViewModel */ = {
			isa = PBXGroup;
			children = (
				D2629A4C2ABB15F50006CEF5 /* FriendListViewModel.swift */,
			);
			path = ViewModel;
			sourceTree = "<group>";
		};
		D2639B1C2BA1C28A00110F60 /* API */ = {
			isa = PBXGroup;
			children = (
				D2639B1D2BA1C28A00110F60 /* APIRequester.swift */,
				D2639B1E2BA1C28A00110F60 /* RequestModel */,
				D2639B202BA1C28A00110F60 /* ResponseModel */,
				D2639B222BA1C28A00110F60 /* API.swift */,
			);
			path = API;
			sourceTree = "<group>";
		};
		D2639B1E2BA1C28A00110F60 /* RequestModel */ = {
			isa = PBXGroup;
			children = (
				D2639B1F2BA1C28A00110F60 /* API.RequsetModel.SendChat.swift */,
			);
			path = RequestModel;
			sourceTree = "<group>";
		};
		D2639B202BA1C28A00110F60 /* ResponseModel */ = {
			isa = PBXGroup;
			children = (
				D2639B212BA1C28A00110F60 /* API.ResponseModel.ResponseChat.swift */,
			);
			path = ResponseModel;
			sourceTree = "<group>";
		};
		D2639B272BA1C29800110F60 /* Service */ = {
			isa = PBXGroup;
			children = (
				D2639B282BA1C29800110F60 /* Model.ServiceModel.Chat.swift */,
				D2639B292BA1C29800110F60 /* Model.ServiceModel.Sender.swift */,
				D2639B2A2BA1C29800110F60 /* Model.ServiceModel.Group.swift */,
				D2639B2B2BA1C29800110F60 /* Model.ServiceModel.User.swift */,
				D2639B2C2BA1C29800110F60 /* Model.ServiceModel.ChatRoom.swift */,
			);
			path = Service;
			sourceTree = "<group>";
		};
		D294A2972ACD7D8400EADFC0 /* Cell */ = {
			isa = PBXGroup;
			children = (
				D294A2982ACD7DAD00EADFC0 /* FriendCollectionViewCell.swift */,
			);
			path = Cell;
			sourceTree = "<group>";
		};
		D2AAF75A2A78F40B006AD936 = {
			isa = PBXGroup;
			children = (
				D2AAF7652A78F40B006AD936 /* ChatStudyApp */,
				D2AAF7642A78F40B006AD936 /* Products */,
			);
			sourceTree = "<group>";
		};
		D2AAF7642A78F40B006AD936 /* Products */ = {
			isa = PBXGroup;
			children = (
				D2AAF7632A78F40B006AD936 /* ChatStudyApp.app */,
			);
			name = Products;
			sourceTree = "<group>";
		};
		D2AAF7652A78F40B006AD936 /* ChatStudyApp */ = {
			isa = PBXGroup;
			children = (
				D24DF9C02A9628E70066C5B3 /* ChatStudyApp.entitlements */,
				D2629A412ABAF2D30006CEF5 /* Common */,
				D2629A3C2ABAF2130006CEF5 /* Presentation */,
				D2629A3B2ABAF20A0006CEF5 /* Domain */,
				D2629A3A2ABAF1F70006CEF5 /* Data */,
				D2AAF7662A78F40B006AD936 /* AppDelegate.swift */,
				D2AAF7682A78F40B006AD936 /* SceneDelegate.swift */,
				D2B40A392A83B8C70076B5E1 /* DefaultAPI.swift */,
				D2AAF76F2A78F40E006AD936 /* Assets.xcassets */,
				D2AAF7712A78F40E006AD936 /* LaunchScreen.storyboard */,
				D2AAF7742A78F40E006AD936 /* Info.plist */,
				D24DF9BE2A9619370066C5B3 /* WebSocket.swift */,
			);
			path = ChatStudyApp;
			sourceTree = "<group>";
		};
		D2E4C8732AF27826005AEE42 /* Usecase */ = {
			isa = PBXGroup;
			children = (
				D2E4C8742AF278F9005AEE42 /* DefaultNetworkUsecase.swift */,
			);
			path = Usecase;
			sourceTree = "<group>";
		};
		D2E4C8762AF27D57005AEE42 /* Entity */ = {
			isa = PBXGroup;
			children = (
				D2639B272BA1C29800110F60 /* Service */,
				D2639B1C2BA1C28A00110F60 /* API */,
				D2639B1A2BA1C27E00110F60 /* Model.swift */,
				D2639B182BA1C27700110F60 /* ErrorType.swift */,
				D2639B162BA1C24A00110F60 /* ChatType.swift */,
				D2E4C8772AF27D64005AEE42 /* User.swift */,
				D2E4C8792AF27D7E005AEE42 /* Group.swift */,
			);
			path = Entity;
			sourceTree = "<group>";
		};
/* End PBXGroup section */

/* Begin PBXNativeTarget section */
		D2AAF7622A78F40B006AD936 /* ChatStudyApp */ = {
			isa = PBXNativeTarget;
			buildConfigurationList = D2AAF7772A78F40E006AD936 /* Build configuration list for PBXNativeTarget "ChatStudyApp" */;
			buildPhases = (
				D2AAF75F2A78F40B006AD936 /* Sources */,
				D2AAF7602A78F40B006AD936 /* Frameworks */,
				D2AAF7612A78F40B006AD936 /* Resources */,
			);
			buildRules = (
			);
			dependencies = (
			);
			name = ChatStudyApp;
			packageProductDependencies = (
				D2B40A372A83B8A10076B5E1 /* Moya */,
				D2FFEF892A8CE51C00B41DBC /* Alamofire */,
				D263D7A52AA890ED00BBF8C1 /* APNS */,
				D263D7A72AA890ED00BBF8C1 /* APNSCore */,
			);
			productName = ChatStudyApp;
			productReference = D2AAF7632A78F40B006AD936 /* ChatStudyApp.app */;
			productType = "com.apple.product-type.application";
		};
/* End PBXNativeTarget section */

/* Begin PBXProject section */
		D2AAF75B2A78F40B006AD936 /* Project object */ = {
			isa = PBXProject;
			attributes = {
				BuildIndependentTargetsInParallel = 1;
				LastSwiftUpdateCheck = 1430;
				LastUpgradeCheck = 1430;
				TargetAttributes = {
					D2AAF7622A78F40B006AD936 = {
						CreatedOnToolsVersion = 14.3.1;
					};
				};
			};
			buildConfigurationList = D2AAF75E2A78F40B006AD936 /* Build configuration list for PBXProject "ChatStudyApp" */;
			compatibilityVersion = "Xcode 14.0";
			developmentRegion = en;
			hasScannedForEncodings = 0;
			knownRegions = (
				en,
				Base,
			);
			mainGroup = D2AAF75A2A78F40B006AD936;
			packageReferences = (
				D2B40A362A83B8A10076B5E1 /* XCRemoteSwiftPackageReference "Moya" */,
				D2FFEF882A8CE51C00B41DBC /* XCRemoteSwiftPackageReference "Alamofire" */,
				D263D7A42AA890ED00BBF8C1 /* XCRemoteSwiftPackageReference "APNSwift" */,
			);
			productRefGroup = D2AAF7642A78F40B006AD936 /* Products */;
			projectDirPath = "";
			projectRoot = "";
			targets = (
				D2AAF7622A78F40B006AD936 /* ChatStudyApp */,
			);
		};
/* End PBXProject section */

/* Begin PBXResourcesBuildPhase section */
		D2AAF7612A78F40B006AD936 /* Resources */ = {
			isa = PBXResourcesBuildPhase;
			buildActionMask = 2147483647;
			files = (
				D2AAF7732A78F40E006AD936 /* LaunchScreen.storyboard in Resources */,
				D2AAF7702A78F40E006AD936 /* Assets.xcassets in Resources */,
			);
			runOnlyForDeploymentPostprocessing = 0;
		};
/* End PBXResourcesBuildPhase section */

/* Begin PBXSourcesBuildPhase section */
		D2AAF75F2A78F40B006AD936 /* Sources */ = {
			isa = PBXSourcesBuildPhase;
			buildActionMask = 2147483647;
			files = (
				D2629A472ABAF3AF0006CEF5 /* NetworkService.swift in Sources */,
				D2AAF76B2A78F40B006AD936 /* FriendListViewController.swift in Sources */,
				D2B40A3A2A83B8C70076B5E1 /* DefaultAPI.swift in Sources */,
				D2AAF7672A78F40B006AD936 /* AppDelegate.swift in Sources */,
				D2B40A3E2A83BC9F0076B5E1 /* Encodable+toDictionary.swift in Sources */,
				D2639B2F2BA1C29800110F60 /* Model.ServiceModel.Group.swift in Sources */,
				D2B40A3C2A83BB8F0076B5E1 /* PostRequestModel.swift in Sources */,
				D2E4C8782AF27D64005AEE42 /* User.swift in Sources */,
				D2639B232BA1C28A00110F60 /* APIRequester.swift in Sources */,
				D2639B152BA1C12B00110F60 /* Dictionary+Extension.swift in Sources */,
				D2639B2D2BA1C29800110F60 /* Model.ServiceModel.Chat.swift in Sources */,
				D2E4C87A2AF27D7E005AEE42 /* Group.swift in Sources */,
				D2639B2E2BA1C29800110F60 /* Model.ServiceModel.Sender.swift in Sources */,
				D2629A4A2ABAF5220006CEF5 /* DefaultNetworkRepository.swift in Sources */,
				D2639B172BA1C24A00110F60 /* ChatType.swift in Sources */,
				D2629A4D2ABB15F50006CEF5 /* FriendListViewModel.swift in Sources */,
				D2639B192BA1C27700110F60 /* ErrorType.swift in Sources */,
				D2B40A2F2A83AFCD0076B5E1 /* ChatViewController.swift in Sources */,
				D2639B242BA1C28A00110F60 /* API.RequsetModel.SendChat.swift in Sources */,
				D2639B1B2BA1C27F00110F60 /* Model.swift in Sources */,
				D294A2992ACD7DAD00EADFC0 /* FriendCollectionViewCell.swift in Sources */,
				D2639B302BA1C29800110F60 /* Model.ServiceModel.User.swift in Sources */,
				D2AAF7692A78F40B006AD936 /* SceneDelegate.swift in Sources */,
				D2E4C8752AF278F9005AEE42 /* DefaultNetworkUsecase.swift in Sources */,
				D2639B312BA1C29800110F60 /* Model.ServiceModel.ChatRoom.swift in Sources */,
				D24DF9BF2A9619370066C5B3 /* WebSocket.swift in Sources */,
				D2639B262BA1C28A00110F60 /* API.swift in Sources */,
				D2639B252BA1C28A00110F60 /* API.ResponseModel.ResponseChat.swift in Sources */,
			);
			runOnlyForDeploymentPostprocessing = 0;
		};
/* End PBXSourcesBuildPhase section */

/* Begin PBXVariantGroup section */
		D2AAF7712A78F40E006AD936 /* LaunchScreen.storyboard */ = {
			isa = PBXVariantGroup;
			children = (
				D2AAF7722A78F40E006AD936 /* Base */,
			);
			name = LaunchScreen.storyboard;
			sourceTree = "<group>";
		};
/* End PBXVariantGroup section */

/* Begin XCBuildConfiguration section */
		D2AAF7752A78F40E006AD936 /* Debug */ = {
			isa = XCBuildConfiguration;
			buildSettings = {
				ALWAYS_SEARCH_USER_PATHS = NO;
				CLANG_ANALYZER_NONNULL = YES;
				CLANG_ANALYZER_NUMBER_OBJECT_CONVERSION = YES_AGGRESSIVE;
				CLANG_CXX_LANGUAGE_STANDARD = "gnu++20";
				CLANG_ENABLE_MODULES = YES;
				CLANG_ENABLE_OBJC_ARC = YES;
				CLANG_ENABLE_OBJC_WEAK = YES;
				CLANG_WARN_BLOCK_CAPTURE_AUTORELEASING = YES;
				CLANG_WARN_BOOL_CONVERSION = YES;
				CLANG_WARN_COMMA = YES;
				CLANG_WARN_CONSTANT_CONVERSION = YES;
				CLANG_WARN_DEPRECATED_OBJC_IMPLEMENTATIONS = YES;
				CLANG_WARN_DIRECT_OBJC_ISA_USAGE = YES_ERROR;
				CLANG_WARN_DOCUMENTATION_COMMENTS = YES;
				CLANG_WARN_EMPTY_BODY = YES;
				CLANG_WARN_ENUM_CONVERSION = YES;
				CLANG_WARN_INFINITE_RECURSION = YES;
				CLANG_WARN_INT_CONVERSION = YES;
				CLANG_WARN_NON_LITERAL_NULL_CONVERSION = YES;
				CLANG_WARN_OBJC_IMPLICIT_RETAIN_SELF = YES;
				CLANG_WARN_OBJC_LITERAL_CONVERSION = YES;
				CLANG_WARN_OBJC_ROOT_CLASS = YES_ERROR;
				CLANG_WARN_QUOTED_INCLUDE_IN_FRAMEWORK_HEADER = YES;
				CLANG_WARN_RANGE_LOOP_ANALYSIS = YES;
				CLANG_WARN_STRICT_PROTOTYPES = YES;
				CLANG_WARN_SUSPICIOUS_MOVE = YES;
				CLANG_WARN_UNGUARDED_AVAILABILITY = YES_AGGRESSIVE;
				CLANG_WARN_UNREACHABLE_CODE = YES;
				CLANG_WARN__DUPLICATE_METHOD_MATCH = YES;
				COPY_PHASE_STRIP = NO;
				DEBUG_INFORMATION_FORMAT = dwarf;
				ENABLE_STRICT_OBJC_MSGSEND = YES;
				ENABLE_TESTABILITY = YES;
				GCC_C_LANGUAGE_STANDARD = gnu11;
				GCC_DYNAMIC_NO_PIC = NO;
				GCC_NO_COMMON_BLOCKS = YES;
				GCC_OPTIMIZATION_LEVEL = 0;
				GCC_PREPROCESSOR_DEFINITIONS = (
					"DEBUG=1",
					"$(inherited)",
				);
				GCC_WARN_64_TO_32_BIT_CONVERSION = YES;
				GCC_WARN_ABOUT_RETURN_TYPE = YES_ERROR;
				GCC_WARN_UNDECLARED_SELECTOR = YES;
				GCC_WARN_UNINITIALIZED_AUTOS = YES_AGGRESSIVE;
				GCC_WARN_UNUSED_FUNCTION = YES;
				GCC_WARN_UNUSED_VARIABLE = YES;
				IPHONEOS_DEPLOYMENT_TARGET = 16.4;
				MTL_ENABLE_DEBUG_INFO = INCLUDE_SOURCE;
				MTL_FAST_MATH = YES;
				ONLY_ACTIVE_ARCH = YES;
				SDKROOT = iphoneos;
				SWIFT_ACTIVE_COMPILATION_CONDITIONS = DEBUG;
				SWIFT_OPTIMIZATION_LEVEL = "-Onone";
			};
			name = Debug;
		};
		D2AAF7762A78F40E006AD936 /* Release */ = {
			isa = XCBuildConfiguration;
			buildSettings = {
				ALWAYS_SEARCH_USER_PATHS = NO;
				CLANG_ANALYZER_NONNULL = YES;
				CLANG_ANALYZER_NUMBER_OBJECT_CONVERSION = YES_AGGRESSIVE;
				CLANG_CXX_LANGUAGE_STANDARD = "gnu++20";
				CLANG_ENABLE_MODULES = YES;
				CLANG_ENABLE_OBJC_ARC = YES;
				CLANG_ENABLE_OBJC_WEAK = YES;
				CLANG_WARN_BLOCK_CAPTURE_AUTORELEASING = YES;
				CLANG_WARN_BOOL_CONVERSION = YES;
				CLANG_WARN_COMMA = YES;
				CLANG_WARN_CONSTANT_CONVERSION = YES;
				CLANG_WARN_DEPRECATED_OBJC_IMPLEMENTATIONS = YES;
				CLANG_WARN_DIRECT_OBJC_ISA_USAGE = YES_ERROR;
				CLANG_WARN_DOCUMENTATION_COMMENTS = YES;
				CLANG_WARN_EMPTY_BODY = YES;
				CLANG_WARN_ENUM_CONVERSION = YES;
				CLANG_WARN_INFINITE_RECURSION = YES;
				CLANG_WARN_INT_CONVERSION = YES;
				CLANG_WARN_NON_LITERAL_NULL_CONVERSION = YES;
				CLANG_WARN_OBJC_IMPLICIT_RETAIN_SELF = YES;
				CLANG_WARN_OBJC_LITERAL_CONVERSION = YES;
				CLANG_WARN_OBJC_ROOT_CLASS = YES_ERROR;
				CLANG_WARN_QUOTED_INCLUDE_IN_FRAMEWORK_HEADER = YES;
				CLANG_WARN_RANGE_LOOP_ANALYSIS = YES;
				CLANG_WARN_STRICT_PROTOTYPES = YES;
				CLANG_WARN_SUSPICIOUS_MOVE = YES;
				CLANG_WARN_UNGUARDED_AVAILABILITY = YES_AGGRESSIVE;
				CLANG_WARN_UNREACHABLE_CODE = YES;
				CLANG_WARN__DUPLICATE_METHOD_MATCH = YES;
				COPY_PHASE_STRIP = NO;
				DEBUG_INFORMATION_FORMAT = "dwarf-with-dsym";
				ENABLE_NS_ASSERTIONS = NO;
				ENABLE_STRICT_OBJC_MSGSEND = YES;
				GCC_C_LANGUAGE_STANDARD = gnu11;
				GCC_NO_COMMON_BLOCKS = YES;
				GCC_WARN_64_TO_32_BIT_CONVERSION = YES;
				GCC_WARN_ABOUT_RETURN_TYPE = YES_ERROR;
				GCC_WARN_UNDECLARED_SELECTOR = YES;
				GCC_WARN_UNINITIALIZED_AUTOS = YES_AGGRESSIVE;
				GCC_WARN_UNUSED_FUNCTION = YES;
				GCC_WARN_UNUSED_VARIABLE = YES;
				IPHONEOS_DEPLOYMENT_TARGET = 16.4;
				MTL_ENABLE_DEBUG_INFO = NO;
				MTL_FAST_MATH = YES;
				SDKROOT = iphoneos;
				SWIFT_COMPILATION_MODE = wholemodule;
				SWIFT_OPTIMIZATION_LEVEL = "-O";
				VALIDATE_PRODUCT = YES;
			};
			name = Release;
		};
		D2AAF7782A78F40E006AD936 /* Debug */ = {
			isa = XCBuildConfiguration;
			buildSettings = {
				ASSETCATALOG_COMPILER_APPICON_NAME = AppIcon;
				ASSETCATALOG_COMPILER_GLOBAL_ACCENT_COLOR_NAME = AccentColor;
				CODE_SIGN_ENTITLEMENTS = ChatStudyApp/ChatStudyApp.entitlements;
				CODE_SIGN_STYLE = Automatic;
				CURRENT_PROJECT_VERSION = 1;
				DEVELOPMENT_TEAM = N2WW86KJNF;
				GENERATE_INFOPLIST_FILE = YES;
				INFOPLIST_FILE = ChatStudyApp/Info.plist;
				INFOPLIST_KEY_UIApplicationSupportsIndirectInputEvents = YES;
				INFOPLIST_KEY_UILaunchStoryboardName = LaunchScreen;
				INFOPLIST_KEY_UIMainStoryboardFile = "";
				INFOPLIST_KEY_UISupportedInterfaceOrientations_iPad = "UIInterfaceOrientationPortrait UIInterfaceOrientationPortraitUpsideDown UIInterfaceOrientationLandscapeLeft UIInterfaceOrientationLandscapeRight";
				INFOPLIST_KEY_UISupportedInterfaceOrientations_iPhone = "UIInterfaceOrientationPortrait UIInterfaceOrientationLandscapeLeft UIInterfaceOrientationLandscapeRight";
				LD_RUNPATH_SEARCH_PATHS = (
					"$(inherited)",
					"@executable_path/Frameworks",
				);
				MARKETING_VERSION = 1.0;
				PRODUCT_BUNDLE_IDENTIFIER = messagekitid.ChatStudyApp;
				PRODUCT_NAME = "$(TARGET_NAME)";
				SWIFT_EMIT_LOC_STRINGS = YES;
				SWIFT_VERSION = 5.0;
				TARGETED_DEVICE_FAMILY = "1,2";
			};
			name = Debug;
		};
		D2AAF7792A78F40E006AD936 /* Release */ = {
			isa = XCBuildConfiguration;
			buildSettings = {
				ASSETCATALOG_COMPILER_APPICON_NAME = AppIcon;
				ASSETCATALOG_COMPILER_GLOBAL_ACCENT_COLOR_NAME = AccentColor;
				CODE_SIGN_ENTITLEMENTS = ChatStudyApp/ChatStudyApp.entitlements;
				CODE_SIGN_STYLE = Automatic;
				CURRENT_PROJECT_VERSION = 1;
				DEVELOPMENT_TEAM = N2WW86KJNF;
				GENERATE_INFOPLIST_FILE = YES;
				INFOPLIST_FILE = ChatStudyApp/Info.plist;
				INFOPLIST_KEY_UIApplicationSupportsIndirectInputEvents = YES;
				INFOPLIST_KEY_UILaunchStoryboardName = LaunchScreen;
				INFOPLIST_KEY_UIMainStoryboardFile = "";
				INFOPLIST_KEY_UISupportedInterfaceOrientations_iPad = "UIInterfaceOrientationPortrait UIInterfaceOrientationPortraitUpsideDown UIInterfaceOrientationLandscapeLeft UIInterfaceOrientationLandscapeRight";
				INFOPLIST_KEY_UISupportedInterfaceOrientations_iPhone = "UIInterfaceOrientationPortrait UIInterfaceOrientationLandscapeLeft UIInterfaceOrientationLandscapeRight";
				LD_RUNPATH_SEARCH_PATHS = (
					"$(inherited)",
					"@executable_path/Frameworks",
				);
				MARKETING_VERSION = 1.0;
				PRODUCT_BUNDLE_IDENTIFIER = messagekitid.ChatStudyApp;
				PRODUCT_NAME = "$(TARGET_NAME)";
				SWIFT_EMIT_LOC_STRINGS = YES;
				SWIFT_VERSION = 5.0;
				TARGETED_DEVICE_FAMILY = "1,2";
			};
			name = Release;
		};
/* End XCBuildConfiguration section */

/* Begin XCConfigurationList section */
		D2AAF75E2A78F40B006AD936 /* Build configuration list for PBXProject "ChatStudyApp" */ = {
			isa = XCConfigurationList;
			buildConfigurations = (
				D2AAF7752A78F40E006AD936 /* Debug */,
				D2AAF7762A78F40E006AD936 /* Release */,
			);
			defaultConfigurationIsVisible = 0;
			defaultConfigurationName = Release;
		};
		D2AAF7772A78F40E006AD936 /* Build configuration list for PBXNativeTarget "ChatStudyApp" */ = {
			isa = XCConfigurationList;
			buildConfigurations = (
				D2AAF7782A78F40E006AD936 /* Debug */,
				D2AAF7792A78F40E006AD936 /* Release */,
			);
			defaultConfigurationIsVisible = 0;
			defaultConfigurationName = Release;
		};
/* End XCConfigurationList section */

/* Begin XCRemoteSwiftPackageReference section */
		D263D7A42AA890ED00BBF8C1 /* XCRemoteSwiftPackageReference "APNSwift" */ = {
			isa = XCRemoteSwiftPackageReference;
			repositoryURL = "https://github.com/swift-server-community/APNSwift.git";
			requirement = {
				kind = upToNextMajorVersion;
				minimumVersion = 5.0.0;
			};
		};
		D2B40A362A83B8A10076B5E1 /* XCRemoteSwiftPackageReference "Moya" */ = {
			isa = XCRemoteSwiftPackageReference;
			repositoryURL = "https://github.com/Moya/Moya.git";
			requirement = {
				kind = upToNextMajorVersion;
				minimumVersion = 15.0.0;
			};
		};
		D2FFEF882A8CE51C00B41DBC /* XCRemoteSwiftPackageReference "Alamofire" */ = {
			isa = XCRemoteSwiftPackageReference;
			repositoryURL = "https://github.com/Alamofire/Alamofire.git";
			requirement = {
				kind = upToNextMajorVersion;
				minimumVersion = 5.0.0;
			};
		};
/* End XCRemoteSwiftPackageReference section */

/* Begin XCSwiftPackageProductDependency section */
		D263D7A52AA890ED00BBF8C1 /* APNS */ = {
			isa = XCSwiftPackageProductDependency;
			package = D263D7A42AA890ED00BBF8C1 /* XCRemoteSwiftPackageReference "APNSwift" */;
			productName = APNS;
		};
		D263D7A72AA890ED00BBF8C1 /* APNSCore */ = {
			isa = XCSwiftPackageProductDependency;
			package = D263D7A42AA890ED00BBF8C1 /* XCRemoteSwiftPackageReference "APNSwift" */;
			productName = APNSCore;
		};
		D2B40A372A83B8A10076B5E1 /* Moya */ = {
			isa = XCSwiftPackageProductDependency;
			package = D2B40A362A83B8A10076B5E1 /* XCRemoteSwiftPackageReference "Moya" */;
			productName = Moya;
		};
		D2FFEF892A8CE51C00B41DBC /* Alamofire */ = {
			isa = XCSwiftPackageProductDependency;
			package = D2FFEF882A8CE51C00B41DBC /* XCRemoteSwiftPackageReference "Alamofire" */;
			productName = Alamofire;
		};
/* End XCSwiftPackageProductDependency section */
	};
	rootObject = D2AAF75B2A78F40B006AD936 /* Project object */;
}
